
Microsoft Visual Studio Solution File, Format Version 12.00
# Visual Studio Version 17
VisualStudioVersion = 17.5.2.0
MinimumVisualStudioVersion = 10.0.40219.1
Project("{2150E333-8FDC-42A3-9474-1A3956D46DE8}") = "src", "src", "{827E0CD3-B72D-47B6-A68D-7590B98EB39B}"
EndProject
Project("{FAE04EC0-301F-11D3-BF4B-00C04F79EFBC}") = "llm-svc", "src\llm-svc\llm-svc.csproj", "{3F6EDE96-AC58-472D-AF4F-DACF372C711A}"
EndProject
Project("{FAE04EC0-301F-11D3-BF4B-00C04F79EFBC}") = "llm-sdk", "src\llm-sdk\llm-sdk.csproj", "{B43C4B21-88F4-473B-A4D8-4CFB4BB21492}"
EndProject
Project("{FAE04EC0-301F-11D3-BF4B-00C04F79EFBC}") = "llm-cli", "src\llm-cli\llm-cli.csproj", "{CC4EC0AE-1293-4971-AFB7-5B85B23FAC3C}"
EndProject
Project("{2150E333-8FDC-42A3-9474-1A3956D46DE8}") = "tests", "tests", "{0AB3BF05-4346-4AA6-1389-037BE0695223}"
EndProject
Project("{FAE04EC0-301F-11D3-BF4B-00C04F79EFBC}") = "llm-svc.Tests", "tests\llm-svc.Tests\llm-svc.Tests.csproj", "{F659A7F8-EC94-4F60-B0CB-A4097A415801}"
EndProject
Project("{FAE04EC0-301F-11D3-BF4B-00C04F79EFBC}") = "llm-sdk.Tests", "tests\llm-sdk.Tests\llm-sdk.Tests.csproj", "{26889E9B-92BD-4F60-90B2-1B6F40764918}"
EndProject
Project("{FAE04EC0-301F-11D3-BF4B-00C04F79EFBC}") = "llm-cli.Tests", "tests\llm-cli.Tests\llm-cli.Tests.csproj", "{17CFEF02-E4C9-4141-85B4-CF5C491FB74E}"
EndProject
Project("{FAE04EC0-301F-11D3-BF4B-00C04F79EFBC}") = "llm-agent", "src\llm-agent\llm-agent.csproj", "{371849A9-6D82-49C8-8CEC-CE21AA86981F}"
EndProject
Project("{FAE04EC0-301F-11D3-BF4B-00C04F79EFBC}") = "llm-agent.Tests", "tests\llm-agent.Tests\llm-agent.Tests.csproj", "{1B086E2B-33B5-4F60-8183-3D80211CFB89}"
EndProject
Project("{FAE04EC0-301F-11D3-BF4B-00C04F79EFBC}") = "llm-ui", "src\llm-ui\llm-ui.csproj", "{FE2DA101-2C49-43EF-A22F-DB011623E17D}"
EndProject
Project("{FAE04EC0-301F-11D3-BF4B-00C04F79EFBC}") = "llm-ui.Tests", "tests\llm-ui.Tests\llm-ui.Tests.csproj", "{021F5C5C-8613-4249-8624-F7FF70945E32}"
EndProject
Project("{FAE04EC0-301F-11D3-BF4B-00C04F79EFBC}") = "llm-sdk.Testing", "src\llm-sdk.Testing\llm-sdk.Testing.csproj", "{E547ECB4-1DDF-4AF0-898D-B0824B248BFE}"
EndProject
Global
	GlobalSection(SolutionConfigurationPlatforms) = preSolution
		Debug|Any CPU = Debug|Any CPU
		Debug|x64 = Debug|x64
		Debug|x86 = Debug|x86
		Release|Any CPU = Release|Any CPU
		Release|x64 = Release|x64
		Release|x86 = Release|x86
	EndGlobalSection
	GlobalSection(ProjectConfigurationPlatforms) = postSolution
		{3F6EDE96-AC58-472D-AF4F-DACF372C711A}.Debug|Any CPU.ActiveCfg = Debug|Any CPU
		{3F6EDE96-AC58-472D-AF4F-DACF372C711A}.Debug|Any CPU.Build.0 = Debug|Any CPU
		{3F6EDE96-AC58-472D-AF4F-DACF372C711A}.Debug|x64.ActiveCfg = Debug|Any CPU
		{3F6EDE96-AC58-472D-AF4F-DACF372C711A}.Debug|x64.Build.0 = Debug|Any CPU
		{3F6EDE96-AC58-472D-AF4F-DACF372C711A}.Debug|x86.ActiveCfg = Debug|Any CPU
		{3F6EDE96-AC58-472D-AF4F-DACF372C711A}.Debug|x86.Build.0 = Debug|Any CPU
		{3F6EDE96-AC58-472D-AF4F-DACF372C711A}.Release|Any CPU.ActiveCfg = Release|Any CPU
		{3F6EDE96-AC58-472D-AF4F-DACF372C711A}.Release|Any CPU.Build.0 = Release|Any CPU
		{3F6EDE96-AC58-472D-AF4F-DACF372C711A}.Release|x64.ActiveCfg = Release|Any CPU
		{3F6EDE96-AC58-472D-AF4F-DACF372C711A}.Release|x64.Build.0 = Release|Any CPU
		{3F6EDE96-AC58-472D-AF4F-DACF372C711A}.Release|x86.ActiveCfg = Release|Any CPU
		{3F6EDE96-AC58-472D-AF4F-DACF372C711A}.Release|x86.Build.0 = Release|Any CPU
		{B43C4B21-88F4-473B-A4D8-4CFB4BB21492}.Debug|Any CPU.ActiveCfg = Debug|Any CPU
		{B43C4B21-88F4-473B-A4D8-4CFB4BB21492}.Debug|Any CPU.Build.0 = Debug|Any CPU
		{B43C4B21-88F4-473B-A4D8-4CFB4BB21492}.Debug|x64.ActiveCfg = Debug|Any CPU
		{B43C4B21-88F4-473B-A4D8-4CFB4BB21492}.Debug|x64.Build.0 = Debug|Any CPU
		{B43C4B21-88F4-473B-A4D8-4CFB4BB21492}.Debug|x86.ActiveCfg = Debug|Any CPU
		{B43C4B21-88F4-473B-A4D8-4CFB4BB21492}.Debug|x86.Build.0 = Debug|Any CPU
		{B43C4B21-88F4-473B-A4D8-4CFB4BB21492}.Release|Any CPU.ActiveCfg = Release|Any CPU
		{B43C4B21-88F4-473B-A4D8-4CFB4BB21492}.Release|Any CPU.Build.0 = Release|Any CPU
		{B43C4B21-88F4-473B-A4D8-4CFB4BB21492}.Release|x64.ActiveCfg = Release|Any CPU
		{B43C4B21-88F4-473B-A4D8-4CFB4BB21492}.Release|x64.Build.0 = Release|Any CPU
		{B43C4B21-88F4-473B-A4D8-4CFB4BB21492}.Release|x86.ActiveCfg = Release|Any CPU
		{B43C4B21-88F4-473B-A4D8-4CFB4BB21492}.Release|x86.Build.0 = Release|Any CPU
		{CC4EC0AE-1293-4971-AFB7-5B85B23FAC3C}.Debug|Any CPU.ActiveCfg = Debug|Any CPU
		{CC4EC0AE-1293-4971-AFB7-5B85B23FAC3C}.Debug|Any CPU.Build.0 = Debug|Any CPU
		{CC4EC0AE-1293-4971-AFB7-5B85B23FAC3C}.Debug|x64.ActiveCfg = Debug|Any CPU
		{CC4EC0AE-1293-4971-AFB7-5B85B23FAC3C}.Debug|x64.Build.0 = Debug|Any CPU
		{CC4EC0AE-1293-4971-AFB7-5B85B23FAC3C}.Debug|x86.ActiveCfg = Debug|Any CPU
		{CC4EC0AE-1293-4971-AFB7-5B85B23FAC3C}.Debug|x86.Build.0 = Debug|Any CPU
		{CC4EC0AE-1293-4971-AFB7-5B85B23FAC3C}.Release|Any CPU.ActiveCfg = Release|Any CPU
		{CC4EC0AE-1293-4971-AFB7-5B85B23FAC3C}.Release|Any CPU.Build.0 = Release|Any CPU
		{CC4EC0AE-1293-4971-AFB7-5B85B23FAC3C}.Release|x64.ActiveCfg = Release|Any CPU
		{CC4EC0AE-1293-4971-AFB7-5B85B23FAC3C}.Release|x64.Build.0 = Release|Any CPU
		{CC4EC0AE-1293-4971-AFB7-5B85B23FAC3C}.Release|x86.ActiveCfg = Release|Any CPU
		{CC4EC0AE-1293-4971-AFB7-5B85B23FAC3C}.Release|x86.Build.0 = Release|Any CPU
		{F659A7F8-EC94-4F60-B0CB-A4097A415801}.Debug|Any CPU.ActiveCfg = Debug|Any CPU
		{F659A7F8-EC94-4F60-B0CB-A4097A415801}.Debug|Any CPU.Build.0 = Debug|Any CPU
		{F659A7F8-EC94-4F60-B0CB-A4097A415801}.Debug|x64.ActiveCfg = Debug|Any CPU
		{F659A7F8-EC94-4F60-B0CB-A4097A415801}.Debug|x64.Build.0 = Debug|Any CPU
		{F659A7F8-EC94-4F60-B0CB-A4097A415801}.Debug|x86.ActiveCfg = Debug|Any CPU
		{F659A7F8-EC94-4F60-B0CB-A4097A415801}.Debug|x86.Build.0 = Debug|Any CPU
		{F659A7F8-EC94-4F60-B0CB-A4097A415801}.Release|Any CPU.ActiveCfg = Release|Any CPU
		{F659A7F8-EC94-4F60-B0CB-A4097A415801}.Release|Any CPU.Build.0 = Release|Any CPU
		{F659A7F8-EC94-4F60-B0CB-A4097A415801}.Release|x64.ActiveCfg = Release|Any CPU
		{F659A7F8-EC94-4F60-B0CB-A4097A415801}.Release|x64.Build.0 = Release|Any CPU
		{F659A7F8-EC94-4F60-B0CB-A4097A415801}.Release|x86.ActiveCfg = Release|Any CPU
		{F659A7F8-EC94-4F60-B0CB-A4097A415801}.Release|x86.Build.0 = Release|Any CPU
		{26889E9B-92BD-4F60-90B2-1B6F40764918}.Debug|Any CPU.ActiveCfg = Debug|Any CPU
		{26889E9B-92BD-4F60-90B2-1B6F40764918}.Debug|Any CPU.Build.0 = Debug|Any CPU
		{26889E9B-92BD-4F60-90B2-1B6F40764918}.Debug|x64.ActiveCfg = Debug|Any CPU
		{26889E9B-92BD-4F60-90B2-1B6F40764918}.Debug|x64.Build.0 = Debug|Any CPU
		{26889E9B-92BD-4F60-90B2-1B6F40764918}.Debug|x86.ActiveCfg = Debug|Any CPU
		{26889E9B-92BD-4F60-90B2-1B6F40764918}.Debug|x86.Build.0 = Debug|Any CPU
		{26889E9B-92BD-4F60-90B2-1B6F40764918}.Release|Any CPU.ActiveCfg = Release|Any CPU
		{26889E9B-92BD-4F60-90B2-1B6F40764918}.Release|Any CPU.Build.0 = Release|Any CPU
		{26889E9B-92BD-4F60-90B2-1B6F40764918}.Release|x64.ActiveCfg = Release|Any CPU
		{26889E9B-92BD-4F60-90B2-1B6F40764918}.Release|x64.Build.0 = Release|Any CPU
		{26889E9B-92BD-4F60-90B2-1B6F40764918}.Release|x86.ActiveCfg = Release|Any CPU
		{26889E9B-92BD-4F60-90B2-1B6F40764918}.Release|x86.Build.0 = Release|Any CPU
		{17CFEF02-E4C9-4141-85B4-CF5C491FB74E}.Debug|Any CPU.ActiveCfg = Debug|Any CPU
		{17CFEF02-E4C9-4141-85B4-CF5C491FB74E}.Debug|Any CPU.Build.0 = Debug|Any CPU
		{17CFEF02-E4C9-4141-85B4-CF5C491FB74E}.Debug|x64.ActiveCfg = Debug|Any CPU
		{17CFEF02-E4C9-4141-85B4-CF5C491FB74E}.Debug|x64.Build.0 = Debug|Any CPU
		{17CFEF02-E4C9-4141-85B4-CF5C491FB74E}.Debug|x86.ActiveCfg = Debug|Any CPU
		{17CFEF02-E4C9-4141-85B4-CF5C491FB74E}.Debug|x86.Build.0 = Debug|Any CPU
		{17CFEF02-E4C9-4141-85B4-CF5C491FB74E}.Release|Any CPU.ActiveCfg = Release|Any CPU
		{17CFEF02-E4C9-4141-85B4-CF5C491FB74E}.Release|Any CPU.Build.0 = Release|Any CPU
		{17CFEF02-E4C9-4141-85B4-CF5C491FB74E}.Release|x64.ActiveCfg = Release|Any CPU
		{17CFEF02-E4C9-4141-85B4-CF5C491FB74E}.Release|x64.Build.0 = Release|Any CPU
		{17CFEF02-E4C9-4141-85B4-CF5C491FB74E}.Release|x86.ActiveCfg = Release|Any CPU
		{17CFEF02-E4C9-4141-85B4-CF5C491FB74E}.Release|x86.Build.0 = Release|Any CPU
		{371849A9-6D82-49C8-8CEC-CE21AA86981F}.Debug|Any CPU.ActiveCfg = Debug|Any CPU
		{371849A9-6D82-49C8-8CEC-CE21AA86981F}.Debug|Any CPU.Build.0 = Debug|Any CPU
		{371849A9-6D82-49C8-8CEC-CE21AA86981F}.Debug|x64.ActiveCfg = Debug|Any CPU
		{371849A9-6D82-49C8-8CEC-CE21AA86981F}.Debug|x64.Build.0 = Debug|Any CPU
		{371849A9-6D82-49C8-8CEC-CE21AA86981F}.Debug|x86.ActiveCfg = Debug|Any CPU
		{371849A9-6D82-49C8-8CEC-CE21AA86981F}.Debug|x86.Build.0 = Debug|Any CPU
		{371849A9-6D82-49C8-8CEC-CE21AA86981F}.Release|Any CPU.ActiveCfg = Release|Any CPU
		{371849A9-6D82-49C8-8CEC-CE21AA86981F}.Release|Any CPU.Build.0 = Release|Any CPU
		{371849A9-6D82-49C8-8CEC-CE21AA86981F}.Release|x64.ActiveCfg = Release|Any CPU
		{371849A9-6D82-49C8-8CEC-CE21AA86981F}.Release|x64.Build.0 = Release|Any CPU
		{371849A9-6D82-49C8-8CEC-CE21AA86981F}.Release|x86.ActiveCfg = Release|Any CPU
		{371849A9-6D82-49C8-8CEC-CE21AA86981F}.Release|x86.Build.0 = Release|Any CPU
		{1B086E2B-33B5-4F60-8183-3D80211CFB89}.Debug|Any CPU.ActiveCfg = Debug|Any CPU
		{1B086E2B-33B5-4F60-8183-3D80211CFB89}.Debug|Any CPU.Build.0 = Debug|Any CPU
		{1B086E2B-33B5-4F60-8183-3D80211CFB89}.Debug|x64.ActiveCfg = Debug|Any CPU
		{1B086E2B-33B5-4F60-8183-3D80211CFB89}.Debug|x64.Build.0 = Debug|Any CPU
		{1B086E2B-33B5-4F60-8183-3D80211CFB89}.Debug|x86.ActiveCfg = Debug|Any CPU
		{1B086E2B-33B5-4F60-8183-3D80211CFB89}.Debug|x86.Build.0 = Debug|Any CPU
		{1B086E2B-33B5-4F60-8183-3D80211CFB89}.Release|Any CPU.ActiveCfg = Release|Any CPU
		{1B086E2B-33B5-4F60-8183-3D80211CFB89}.Release|Any CPU.Build.0 = Release|Any CPU
		{1B086E2B-33B5-4F60-8183-3D80211CFB89}.Release|x64.ActiveCfg = Release|Any CPU
		{1B086E2B-33B5-4F60-8183-3D80211CFB89}.Release|x64.Build.0 = Release|Any CPU
		{1B086E2B-33B5-4F60-8183-3D80211CFB89}.Release|x86.ActiveCfg = Release|Any CPU
		{1B086E2B-33B5-4F60-8183-3D80211CFB89}.Release|x86.Build.0 = Release|Any CPU
		{FE2DA101-2C49-43EF-A22F-DB011623E17D}.Debug|Any CPU.ActiveCfg = Debug|Any CPU
		{FE2DA101-2C49-43EF-A22F-DB011623E17D}.Debug|Any CPU.Build.0 = Debug|Any CPU
		{FE2DA101-2C49-43EF-A22F-DB011623E17D}.Debug|x64.ActiveCfg = Debug|Any CPU
		{FE2DA101-2C49-43EF-A22F-DB011623E17D}.Debug|x64.Build.0 = Debug|Any CPU
		{FE2DA101-2C49-43EF-A22F-DB011623E17D}.Debug|x86.ActiveCfg = Debug|Any CPU
		{FE2DA101-2C49-43EF-A22F-DB011623E17D}.Debug|x86.Build.0 = Debug|Any CPU
		{FE2DA101-2C49-43EF-A22F-DB011623E17D}.Release|Any CPU.ActiveCfg = Release|Any CPU
		{FE2DA101-2C49-43EF-A22F-DB011623E17D}.Release|Any CPU.Build.0 = Release|Any CPU
		{FE2DA101-2C49-43EF-A22F-DB011623E17D}.Release|x64.ActiveCfg = Release|Any CPU
		{FE2DA101-2C49-43EF-A22F-DB011623E17D}.Release|x64.Build.0 = Release|Any CPU
		{FE2DA101-2C49-43EF-A22F-DB011623E17D}.Release|x86.ActiveCfg = Release|Any CPU
		{FE2DA101-2C49-43EF-A22F-DB011623E17D}.Release|x86.Build.0 = Release|Any CPU
		{021F5C5C-8613-4249-8624-F7FF70945E32}.Debug|Any CPU.ActiveCfg = Debug|Any CPU
		{021F5C5C-8613-4249-8624-F7FF70945E32}.Debug|Any CPU.Build.0 = Debug|Any CPU
		{021F5C5C-8613-4249-8624-F7FF70945E32}.Debug|x64.ActiveCfg = Debug|Any CPU
		{021F5C5C-8613-4249-8624-F7FF70945E32}.Debug|x64.Build.0 = Debug|Any CPU
		{021F5C5C-8613-4249-8624-F7FF70945E32}.Debug|x86.ActiveCfg = Debug|Any CPU
		{021F5C5C-8613-4249-8624-F7FF70945E32}.Debug|x86.Build.0 = Debug|Any CPU
		{021F5C5C-8613-4249-8624-F7FF70945E32}.Release|Any CPU.ActiveCfg = Release|Any CPU
		{021F5C5C-8613-4249-8624-F7FF70945E32}.Release|Any CPU.Build.0 = Release|Any CPU
		{021F5C5C-8613-4249-8624-F7FF70945E32}.Release|x64.ActiveCfg = Release|Any CPU
		{021F5C5C-8613-4249-8624-F7FF70945E32}.Release|x64.Build.0 = Release|Any CPU
		{021F5C5C-8613-4249-8624-F7FF70945E32}.Release|x86.ActiveCfg = Release|Any CPU
		{021F5C5C-8613-4249-8624-F7FF70945E32}.Release|x86.Build.0 = Release|Any CPU
		{E547ECB4-1DDF-4AF0-898D-B0824B248BFE}.Debug|Any CPU.ActiveCfg = Debug|Any CPU
		{E547ECB4-1DDF-4AF0-898D-B0824B248BFE}.Debug|Any CPU.Build.0 = Debug|Any CPU
		{E547ECB4-1DDF-4AF0-898D-B0824B248BFE}.Debug|x64.ActiveCfg = Debug|Any CPU
		{E547ECB4-1DDF-4AF0-898D-B0824B248BFE}.Debug|x64.Build.0 = Debug|Any CPU
		{E547ECB4-1DDF-4AF0-898D-B0824B248BFE}.Debug|x86.ActiveCfg = Debug|Any CPU
		{E547ECB4-1DDF-4AF0-898D-B0824B248BFE}.Debug|x86.Build.0 = Debug|Any CPU
		{E547ECB4-1DDF-4AF0-898D-B0824B248BFE}.Release|Any CPU.ActiveCfg = Release|Any CPU
		{E547ECB4-1DDF-4AF0-898D-B0824B248BFE}.Release|Any CPU.Build.0 = Release|Any CPU
		{E547ECB4-1DDF-4AF0-898D-B0824B248BFE}.Release|x64.ActiveCfg = Release|Any CPU
		{E547ECB4-1DDF-4AF0-898D-B0824B248BFE}.Release|x64.Build.0 = Release|Any CPU
		{E547ECB4-1DDF-4AF0-898D-B0824B248BFE}.Release|x86.ActiveCfg = Release|Any CPU
		{E547ECB4-1DDF-4AF0-898D-B0824B248BFE}.Release|x86.Build.0 = Release|Any CPU
	EndGlobalSection
	GlobalSection(SolutionProperties) = preSolution
		HideSolutionNode = FALSE
	EndGlobalSection
	GlobalSection(NestedProjects) = preSolution
		{3F6EDE96-AC58-472D-AF4F-DACF372C711A} = {827E0CD3-B72D-47B6-A68D-7590B98EB39B}
		{B43C4B21-88F4-473B-A4D8-4CFB4BB21492} = {827E0CD3-B72D-47B6-A68D-7590B98EB39B}
		{CC4EC0AE-1293-4971-AFB7-5B85B23FAC3C} = {827E0CD3-B72D-47B6-A68D-7590B98EB39B}
		{F659A7F8-EC94-4F60-B0CB-A4097A415801} = {0AB3BF05-4346-4AA6-1389-037BE0695223}
		{26889E9B-92BD-4F60-90B2-1B6F40764918} = {0AB3BF05-4346-4AA6-1389-037BE0695223}
		{17CFEF02-E4C9-4141-85B4-CF5C491FB74E} = {0AB3BF05-4346-4AA6-1389-037BE0695223}
		{371849A9-6D82-49C8-8CEC-CE21AA86981F} = {827E0CD3-B72D-47B6-A68D-7590B98EB39B}
		{1B086E2B-33B5-4F60-8183-3D80211CFB89} = {0AB3BF05-4346-4AA6-1389-037BE0695223}
		{FE2DA101-2C49-43EF-A22F-DB011623E17D} = {827E0CD3-B72D-47B6-A68D-7590B98EB39B}
		{021F5C5C-8613-4249-8624-F7FF70945E32} = {0AB3BF05-4346-4AA6-1389-037BE0695223}
		{E547ECB4-1DDF-4AF0-898D-B0824B248BFE} = {827E0CD3-B72D-47B6-A68D-7590B98EB39B}
	EndGlobalSection
	GlobalSection(ExtensibilityGlobals) = postSolution
		SolutionGuid = {4E52D4D3-450D-4285-8E42-A49BFE776E05}
	EndGlobalSection
EndGlobal
